{
  "name": "niduscss-components-icon-button",
  "version": "3.0.0",
  "lockfileVersion": 1,
  "dependencies": {
    "niduscss-libs-mixins": {
      "version": "1.0.0",
      "resolved": "https://registry.npmjs.org/niduscss-libs-mixins/-/niduscss-libs-mixins-1.0.0.tgz",
      "integrity": "sha1-e6PQ+scatvXoLbTPCyzPj9KbOV0="
    }
  }
}
