{
  "name": "niduscss-components-button",
  "version": "4.0.0",
  "lockfileVersion": 1,
  "dependencies": {
    "niduscss-libs-mixins": {
      "version": "1.0.0",
      "resolved": "https://registry.npmjs.org/niduscss-libs-mixins/-/niduscss-libs-mixins-1.0.0.tgz",
      "integrity": "sha1-e6PQ+scatvXoLbTPCyzPj9KbOV0="
    },
    "niduscss-utils-mixins": {
      "version": "1.0.0",
      "resolved": "https://registry.npmjs.org/niduscss-utils-mixins/-/niduscss-utils-mixins-1.0.0.tgz",
      "integrity": "sha1-hDAVlvJ84xwULHp7b9ZU2LzaBXU="
    }
  }
}
