{
  "name": "niduscss-utils-text",
  "version": "1.4.0",
  "lockfileVersion": 1,
  "dependencies": {
    "niduscss-utils-mixins": {
      "version": "1.0.0",
      "resolved": "https://registry.npmjs.org/niduscss-utils-mixins/-/niduscss-utils-mixins-1.0.0.tgz",
      "integrity": "sha1-hDAVlvJ84xwULHp7b9ZU2LzaBXU="
    }
  }
}
